// !$*UTF8*$!
{
	archiveVersion = 1;
	classes = {
	};
	objectVersion = 46;
	objects = {

/* Begin PBXBuildFile section */
		0454091D1BE04E67004B9577 /* AppDelegate.swift in Sources */ = {isa = PBXBuildFile; fileRef = 0454091C1BE04E67004B9577 /* AppDelegate.swift */; };
		0454091F1BE04E67004B9577 /* MapViewController.swift in Sources */ = {isa = PBXBuildFile; fileRef = 0454091E1BE04E67004B9577 /* MapViewController.swift */; };
		045409221BE04E67004B9577 /* Main.storyboard in Resources */ = {isa = PBXBuildFile; fileRef = 045409201BE04E67004B9577 /* Main.storyboard */; };
		045409251BE04E67004B9577 /* HawaiiHikersResource.xcdatamodeld in Sources */ = {isa = PBXBuildFile; fileRef = 045409231BE04E67004B9577 /* HawaiiHikersResource.xcdatamodeld */; };
		045409271BE04E68004B9577 /* Assets.xcassets in Resources */ = {isa = PBXBuildFile; fileRef = 045409261BE04E68004B9577 /* Assets.xcassets */; };
		0454092A1BE04E68004B9577 /* LaunchScreen.storyboard in Resources */ = {isa = PBXBuildFile; fileRef = 045409281BE04E68004B9577 /* LaunchScreen.storyboard */; };
		045409351BE04E68004B9577 /* HawaiiHikersResourceTests.swift in Sources */ = {isa = PBXBuildFile; fileRef = 045409341BE04E68004B9577 /* HawaiiHikersResourceTests.swift */; };
		045409401BE04E68004B9577 /* HawaiiHikersResourceUITests.swift in Sources */ = {isa = PBXBuildFile; fileRef = 0454093F1BE04E68004B9577 /* HawaiiHikersResourceUITests.swift */; };
		045409511BE04E9E004B9577 /* MapKit.framework in Frameworks */ = {isa = PBXBuildFile; fileRef = 045409501BE04E9E004B9577 /* MapKit.framework */; };
		045409531BE04EB4004B9577 /* StoreKit.framework in Frameworks */ = {isa = PBXBuildFile; fileRef = 045409521BE04EB4004B9577 /* StoreKit.framework */; };
		045409551BE05000004B9577 /* QuartzCore.framework in Frameworks */ = {isa = PBXBuildFile; fileRef = 045409541BE05000004B9577 /* QuartzCore.framework */; };
		045409571BE05011004B9577 /* CoreData.framework in Frameworks */ = {isa = PBXBuildFile; fileRef = 045409561BE05011004B9577 /* CoreData.framework */; };
		045409591BE0502E004B9577 /* libsqlite3.tbd in Frameworks */ = {isa = PBXBuildFile; fileRef = 045409581BE0502E004B9577 /* libsqlite3.tbd */; };
		04DFD1B41C05B4D8000AF371 /* ParkInfoController.swift in Sources */ = {isa = PBXBuildFile; fileRef = 04DFD1B31C05B4D8000AF371 /* ParkInfoController.swift */; };
		04DFD1B61C05B4FF000AF371 /* TrailInfoController.swift in Sources */ = {isa = PBXBuildFile; fileRef = 04DFD1B51C05B4FF000AF371 /* TrailInfoController.swift */; };
		04DFD1B81C05B523000AF371 /* DirectionsViewController.swift in Sources */ = {isa = PBXBuildFile; fileRef = 04DFD1B71C05B523000AF371 /* DirectionsViewController.swift */; };
		04DFD1BA1C05B68D000AF371 /* TrailMapViewController.swift in Sources */ = {isa = PBXBuildFile; fileRef = 04DFD1B91C05B68D000AF371 /* TrailMapViewController.swift */; };
		04DFD1BC1C05B75C000AF371 /* WeatherViewController.swift in Sources */ = {isa = PBXBuildFile; fileRef = 04DFD1BB1C05B75C000AF371 /* WeatherViewController.swift */; };
		04FBFC591BE2EC5B00923F9F /* Bolts.framework in Frameworks */ = {isa = PBXBuildFile; fileRef = 04FBFC581BE2EC5B00923F9F /* Bolts.framework */; };
		04FBFC5B1BE2EDDD00923F9F /* Parse.framework in Frameworks */ = {isa = PBXBuildFile; fileRef = 04FBFC5A1BE2EDDD00923F9F /* Parse.framework */; };
		04FBFC5D1BE2EE4300923F9F /* AudioToolbox.framework in Frameworks */ = {isa = PBXBuildFile; fileRef = 04FBFC5C1BE2EE4300923F9F /* AudioToolbox.framework */; };
		04FBFC5F1BE2EE5600923F9F /* CFNetwork.framework in Frameworks */ = {isa = PBXBuildFile; fileRef = 04FBFC5E1BE2EE5600923F9F /* CFNetwork.framework */; };
		04FBFC611BE2EE6400923F9F /* CoreGraphics.framework in Frameworks */ = {isa = PBXBuildFile; fileRef = 04FBFC601BE2EE6400923F9F /* CoreGraphics.framework */; };
		04FBFC631BE2EE7500923F9F /* CoreLocation.framework in Frameworks */ = {isa = PBXBuildFile; fileRef = 04FBFC621BE2EE7500923F9F /* CoreLocation.framework */; };
		04FBFC651BE2EE8F00923F9F /* Security.framework in Frameworks */ = {isa = PBXBuildFile; fileRef = 04FBFC641BE2EE8F00923F9F /* Security.framework */; };
		04FBFC671BE2EEB000923F9F /* SystemConfiguration.framework in Frameworks */ = {isa = PBXBuildFile; fileRef = 04FBFC661BE2EEB000923F9F /* SystemConfiguration.framework */; };
		04FBFC691BE2EEDC00923F9F /* libz.tbd in Frameworks */ = {isa = PBXBuildFile; fileRef = 04FBFC681BE2EEDC00923F9F /* libz.tbd */; };
		04FBFC6B1BE2EEE600923F9F /* Accounts.framework in Frameworks */ = {isa = PBXBuildFile; fileRef = 04FBFC6A1BE2EEE600923F9F /* Accounts.framework */; };
		04FBFC6D1BE2EEF200923F9F /* Social.framework in Frameworks */ = {isa = PBXBuildFile; fileRef = 04FBFC6C1BE2EEF200923F9F /* Social.framework */; };
		04FBFC701BE2F7E800923F9F /* PushNotificationController.swift in Sources */ = {isa = PBXBuildFile; fileRef = 04FBFC6F1BE2F7E800923F9F /* PushNotificationController.swift */; };
		04FBFC721BE2F99A00923F9F /* ApiKeys.swift in Sources */ = {isa = PBXBuildFile; fileRef = 04FBFC711BE2F99A00923F9F /* ApiKeys.swift */; };
		04FBFC741BE2F9C700923F9F /* ApiKeys.plist in Resources */ = {isa = PBXBuildFile; fileRef = 04FBFC731BE2F9C700923F9F /* ApiKeys.plist */; };
/* End PBXBuildFile section */

/* Begin PBXContainerItemProxy section */
		045409311BE04E68004B9577 /* PBXContainerItemProxy */ = {
			isa = PBXContainerItemProxy;
			containerPortal = 045409111BE04E67004B9577 /* Project object */;
			proxyType = 1;
			remoteGlobalIDString = 045409181BE04E67004B9577;
			remoteInfo = HawaiiHikersResource;
		};
		0454093C1BE04E68004B9577 /* PBXContainerItemProxy */ = {
			isa = PBXContainerItemProxy;
			containerPortal = 045409111BE04E67004B9577 /* Project object */;
			proxyType = 1;
			remoteGlobalIDString = 045409181BE04E67004B9577;
			remoteInfo = HawaiiHikersResource;
		};
/* End PBXContainerItemProxy section */

/* Begin PBXFileReference section */
		045409191BE04E67004B9577 /* HawaiiHikersResource.app */ = {isa = PBXFileReference; explicitFileType = wrapper.application; includeInIndex = 0; path = HawaiiHikersResource.app; sourceTree = BUILT_PRODUCTS_DIR; };
		0454091C1BE04E67004B9577 /* AppDelegate.swift */ = {isa = PBXFileReference; lastKnownFileType = sourcecode.swift; path = AppDelegate.swift; sourceTree = "<group>"; };
		0454091E1BE04E67004B9577 /* MapViewController.swift */ = {isa = PBXFileReference; lastKnownFileType = sourcecode.swift; path = MapViewController.swift; sourceTree = "<group>"; };
		045409211BE04E67004B9577 /* Base */ = {isa = PBXFileReference; lastKnownFileType = file.storyboard; name = Base; path = Base.lproj/Main.storyboard; sourceTree = "<group>"; };
		045409241BE04E67004B9577 /* HawaiiHikersResource.xcdatamodel */ = {isa = PBXFileReference; lastKnownFileType = wrapper.xcdatamodel; path = HawaiiHikersResource.xcdatamodel; sourceTree = "<group>"; };
		045409261BE04E68004B9577 /* Assets.xcassets */ = {isa = PBXFileReference; lastKnownFileType = folder.assetcatalog; path = Assets.xcassets; sourceTree = "<group>"; };
		045409291BE04E68004B9577 /* Base */ = {isa = PBXFileReference; lastKnownFileType = file.storyboard; name = Base; path = Base.lproj/LaunchScreen.storyboard; sourceTree = "<group>"; };
		0454092B1BE04E68004B9577 /* Info.plist */ = {isa = PBXFileReference; lastKnownFileType = text.plist.xml; path = Info.plist; sourceTree = "<group>"; };
		045409301BE04E68004B9577 /* HawaiiHikersResourceTests.xctest */ = {isa = PBXFileReference; explicitFileType = wrapper.cfbundle; includeInIndex = 0; path = HawaiiHikersResourceTests.xctest; sourceTree = BUILT_PRODUCTS_DIR; };
		045409341BE04E68004B9577 /* HawaiiHikersResourceTests.swift */ = {isa = PBXFileReference; lastKnownFileType = sourcecode.swift; path = HawaiiHikersResourceTests.swift; sourceTree = "<group>"; };
		045409361BE04E68004B9577 /* Info.plist */ = {isa = PBXFileReference; lastKnownFileType = text.plist.xml; path = Info.plist; sourceTree = "<group>"; };
		0454093B1BE04E68004B9577 /* HawaiiHikersResourceUITests.xctest */ = {isa = PBXFileReference; explicitFileType = wrapper.cfbundle; includeInIndex = 0; path = HawaiiHikersResourceUITests.xctest; sourceTree = BUILT_PRODUCTS_DIR; };
		0454093F1BE04E68004B9577 /* HawaiiHikersResourceUITests.swift */ = {isa = PBXFileReference; lastKnownFileType = sourcecode.swift; path = HawaiiHikersResourceUITests.swift; sourceTree = "<group>"; };
		045409411BE04E68004B9577 /* Info.plist */ = {isa = PBXFileReference; lastKnownFileType = text.plist.xml; path = Info.plist; sourceTree = "<group>"; };
		0454094D1BE04E89004B9577 /* HawaiiHikersResource.entitlements */ = {isa = PBXFileReference; lastKnownFileType = text.xml; path = HawaiiHikersResource.entitlements; sourceTree = "<group>"; };
		045409501BE04E9E004B9577 /* MapKit.framework */ = {isa = PBXFileReference; lastKnownFileType = wrapper.framework; name = MapKit.framework; path = System/Library/Frameworks/MapKit.framework; sourceTree = SDKROOT; };
		045409521BE04EB4004B9577 /* StoreKit.framework */ = {isa = PBXFileReference; lastKnownFileType = wrapper.framework; name = StoreKit.framework; path = System/Library/Frameworks/StoreKit.framework; sourceTree = SDKROOT; };
		045409541BE05000004B9577 /* QuartzCore.framework */ = {isa = PBXFileReference; lastKnownFileType = wrapper.framework; name = QuartzCore.framework; path = System/Library/Frameworks/QuartzCore.framework; sourceTree = SDKROOT; };
		045409561BE05011004B9577 /* CoreData.framework */ = {isa = PBXFileReference; lastKnownFileType = wrapper.framework; name = CoreData.framework; path = System/Library/Frameworks/CoreData.framework; sourceTree = SDKROOT; };
		045409581BE0502E004B9577 /* libsqlite3.tbd */ = {isa = PBXFileReference; lastKnownFileType = "sourcecode.text-based-dylib-definition"; name = libsqlite3.tbd; path = usr/lib/libsqlite3.tbd; sourceTree = SDKROOT; };
		04DFD1B31C05B4D8000AF371 /* ParkInfoController.swift */ = {isa = PBXFileReference; fileEncoding = 4; lastKnownFileType = sourcecode.swift; path = ParkInfoController.swift; sourceTree = "<group>"; };
		04DFD1B51C05B4FF000AF371 /* TrailInfoController.swift */ = {isa = PBXFileReference; fileEncoding = 4; lastKnownFileType = sourcecode.swift; path = TrailInfoController.swift; sourceTree = "<group>"; };
		04DFD1B71C05B523000AF371 /* DirectionsViewController.swift */ = {isa = PBXFileReference; fileEncoding = 4; lastKnownFileType = sourcecode.swift; path = DirectionsViewController.swift; sourceTree = "<group>"; };
		04DFD1B91C05B68D000AF371 /* TrailMapViewController.swift */ = {isa = PBXFileReference; fileEncoding = 4; lastKnownFileType = sourcecode.swift; path = TrailMapViewController.swift; sourceTree = "<group>"; };
		04DFD1BB1C05B75C000AF371 /* WeatherViewController.swift */ = {isa = PBXFileReference; fileEncoding = 4; lastKnownFileType = sourcecode.swift; path = WeatherViewController.swift; sourceTree = "<group>"; };
		04FBFC581BE2EC5B00923F9F /* Bolts.framework */ = {isa = PBXFileReference; lastKnownFileType = wrapper.framework; name = Bolts.framework; path = Frameworks/Bolts.framework; sourceTree = "<group>"; };
		04FBFC5A1BE2EDDD00923F9F /* Parse.framework */ = {isa = PBXFileReference; lastKnownFileType = wrapper.framework; name = Parse.framework; path = HawaiiHikersResourceUITests/Parse.framework; sourceTree = "<group>"; };
		04FBFC5C1BE2EE4300923F9F /* AudioToolbox.framework */ = {isa = PBXFileReference; lastKnownFileType = wrapper.framework; name = AudioToolbox.framework; path = System/Library/Frameworks/AudioToolbox.framework; sourceTree = SDKROOT; };
		04FBFC5E1BE2EE5600923F9F /* CFNetwork.framework */ = {isa = PBXFileReference; lastKnownFileType = wrapper.framework; name = CFNetwork.framework; path = System/Library/Frameworks/CFNetwork.framework; sourceTree = SDKROOT; };
		04FBFC601BE2EE6400923F9F /* CoreGraphics.framework */ = {isa = PBXFileReference; lastKnownFileType = wrapper.framework; name = CoreGraphics.framework; path = System/Library/Frameworks/CoreGraphics.framework; sourceTree = SDKROOT; };
		04FBFC621BE2EE7500923F9F /* CoreLocation.framework */ = {isa = PBXFileReference; lastKnownFileType = wrapper.framework; name = CoreLocation.framework; path = System/Library/Frameworks/CoreLocation.framework; sourceTree = SDKROOT; };
		04FBFC641BE2EE8F00923F9F /* Security.framework */ = {isa = PBXFileReference; lastKnownFileType = wrapper.framework; name = Security.framework; path = System/Library/Frameworks/Security.framework; sourceTree = SDKROOT; };
		04FBFC661BE2EEB000923F9F /* SystemConfiguration.framework */ = {isa = PBXFileReference; lastKnownFileType = wrapper.framework; name = SystemConfiguration.framework; path = System/Library/Frameworks/SystemConfiguration.framework; sourceTree = SDKROOT; };
		04FBFC681BE2EEDC00923F9F /* libz.tbd */ = {isa = PBXFileReference; lastKnownFileType = "sourcecode.text-based-dylib-definition"; name = libz.tbd; path = usr/lib/libz.tbd; sourceTree = SDKROOT; };
		04FBFC6A1BE2EEE600923F9F /* Accounts.framework */ = {isa = PBXFileReference; lastKnownFileType = wrapper.framework; name = Accounts.framework; path = System/Library/Frameworks/Accounts.framework; sourceTree = SDKROOT; };
		04FBFC6C1BE2EEF200923F9F /* Social.framework */ = {isa = PBXFileReference; lastKnownFileType = wrapper.framework; name = Social.framework; path = System/Library/Frameworks/Social.framework; sourceTree = SDKROOT; };
		04FBFC6E1BE2F68100923F9F /* BridgingHeader.h */ = {isa = PBXFileReference; fileEncoding = 4; lastKnownFileType = sourcecode.c.h; path = BridgingHeader.h; sourceTree = "<group>"; };
		04FBFC6F1BE2F7E800923F9F /* PushNotificationController.swift */ = {isa = PBXFileReference; fileEncoding = 4; lastKnownFileType = sourcecode.swift; path = PushNotificationController.swift; sourceTree = "<group>"; };
		04FBFC711BE2F99A00923F9F /* ApiKeys.swift */ = {isa = PBXFileReference; fileEncoding = 4; lastKnownFileType = sourcecode.swift; path = ApiKeys.swift; sourceTree = "<group>"; };
		04FBFC731BE2F9C700923F9F /* ApiKeys.plist */ = {isa = PBXFileReference; fileEncoding = 4; lastKnownFileType = text.plist.xml; path = ApiKeys.plist; sourceTree = "<group>"; };
/* End PBXFileReference section */

/* Begin PBXFrameworksBuildPhase section */
		045409161BE04E67004B9577 /* Frameworks */ = {
			isa = PBXFrameworksBuildPhase;
			buildActionMask = 2147483647;
			files = (
				04FBFC6D1BE2EEF200923F9F /* Social.framework in Frameworks */,
				04FBFC6B1BE2EEE600923F9F /* Accounts.framework in Frameworks */,
				04FBFC691BE2EEDC00923F9F /* libz.tbd in Frameworks */,
				045409531BE04EB4004B9577 /* StoreKit.framework in Frameworks */,
				04FBFC671BE2EEB000923F9F /* SystemConfiguration.framework in Frameworks */,
				04FBFC651BE2EE8F00923F9F /* Security.framework in Frameworks */,
				04FBFC631BE2EE7500923F9F /* CoreLocation.framework in Frameworks */,
				04FBFC611BE2EE6400923F9F /* CoreGraphics.framework in Frameworks */,
				04FBFC5F1BE2EE5600923F9F /* CFNetwork.framework in Frameworks */,
				04FBFC5D1BE2EE4300923F9F /* AudioToolbox.framework in Frameworks */,
				045409591BE0502E004B9577 /* libsqlite3.tbd in Frameworks */,
				045409571BE05011004B9577 /* CoreData.framework in Frameworks */,
				045409551BE05000004B9577 /* QuartzCore.framework in Frameworks */,
				04FBFC5B1BE2EDDD00923F9F /* Parse.framework in Frameworks */,
				04FBFC591BE2EC5B00923F9F /* Bolts.framework in Frameworks */,
				045409511BE04E9E004B9577 /* MapKit.framework in Frameworks */,
			);
			runOnlyForDeploymentPostprocessing = 0;
		};
		0454092D1BE04E68004B9577 /* Frameworks */ = {
			isa = PBXFrameworksBuildPhase;
			buildActionMask = 2147483647;
			files = (
			);
			runOnlyForDeploymentPostprocessing = 0;
		};
		045409381BE04E68004B9577 /* Frameworks */ = {
			isa = PBXFrameworksBuildPhase;
			buildActionMask = 2147483647;
			files = (
			);
			runOnlyForDeploymentPostprocessing = 0;
		};
/* End PBXFrameworksBuildPhase section */

/* Begin PBXGroup section */
		045409101BE04E67004B9577 = {
			isa = PBXGroup;
			children = (
				04FBFC731BE2F9C700923F9F /* ApiKeys.plist */,
				0454091B1BE04E67004B9577 /* HawaiiHikersResource */,
				04FBFC6C1BE2EEF200923F9F /* Social.framework */,
				04FBFC6A1BE2EEE600923F9F /* Accounts.framework */,
				04FBFC681BE2EEDC00923F9F /* libz.tbd */,
				04FBFC661BE2EEB000923F9F /* SystemConfiguration.framework */,
				04FBFC641BE2EE8F00923F9F /* Security.framework */,
				04FBFC621BE2EE7500923F9F /* CoreLocation.framework */,
				04FBFC601BE2EE6400923F9F /* CoreGraphics.framework */,
				04FBFC5E1BE2EE5600923F9F /* CFNetwork.framework */,
				04FBFC5C1BE2EE4300923F9F /* AudioToolbox.framework */,
				045409581BE0502E004B9577 /* libsqlite3.tbd */,
				045409561BE05011004B9577 /* CoreData.framework */,
				045409541BE05000004B9577 /* QuartzCore.framework */,
				045409521BE04EB4004B9577 /* StoreKit.framework */,
				045409501BE04E9E004B9577 /* MapKit.framework */,
				045409331BE04E68004B9577 /* HawaiiHikersResourceTests */,
				0454093E1BE04E68004B9577 /* HawaiiHikersResourceUITests */,
				0454091A1BE04E67004B9577 /* Products */,
				04FBFC5A1BE2EDDD00923F9F /* Parse.framework */,
				04FBFC581BE2EC5B00923F9F /* Bolts.framework */,
			);
			sourceTree = "<group>";
		};
		0454091A1BE04E67004B9577 /* Products */ = {
			isa = PBXGroup;
			children = (
				045409191BE04E67004B9577 /* HawaiiHikersResource.app */,
				045409301BE04E68004B9577 /* HawaiiHikersResourceTests.xctest */,
				0454093B1BE04E68004B9577 /* HawaiiHikersResourceUITests.xctest */,
			);
			name = Products;
			sourceTree = "<group>";
		};
		0454091B1BE04E67004B9577 /* HawaiiHikersResource */ = {
			isa = PBXGroup;
			children = (
				04FBFC711BE2F99A00923F9F /* ApiKeys.swift */,
				04FBFC6E1BE2F68100923F9F /* BridgingHeader.h */,
				0454091C1BE04E67004B9577 /* AppDelegate.swift */,
				0454091E1BE04E67004B9577 /* MapViewController.swift */,
				045409201BE04E67004B9577 /* Main.storyboard */,
				045409261BE04E68004B9577 /* Assets.xcassets */,
				045409281BE04E68004B9577 /* LaunchScreen.storyboard */,
				0454092B1BE04E68004B9577 /* Info.plist */,
				0454094D1BE04E89004B9577 /* HawaiiHikersResource.entitlements */,
				045409231BE04E67004B9577 /* HawaiiHikersResource.xcdatamodeld */,
				04FBFC6F1BE2F7E800923F9F /* PushNotificationController.swift */,
				04DFD1B31C05B4D8000AF371 /* ParkInfoController.swift */,
				04DFD1B51C05B4FF000AF371 /* TrailInfoController.swift */,
				04DFD1B71C05B523000AF371 /* DirectionsViewController.swift */,
				04DFD1B91C05B68D000AF371 /* TrailMapViewController.swift */,
				04DFD1BB1C05B75C000AF371 /* WeatherViewController.swift */,
			);
			path = HawaiiHikersResource;
			sourceTree = "<group>";
		};
		045409331BE04E68004B9577 /* HawaiiHikersResourceTests */ = {
			isa = PBXGroup;
			children = (
				045409341BE04E68004B9577 /* HawaiiHikersResourceTests.swift */,
				045409361BE04E68004B9577 /* Info.plist */,
			);
			path = HawaiiHikersResourceTests;
			sourceTree = "<group>";
		};
		0454093E1BE04E68004B9577 /* HawaiiHikersResourceUITests */ = {
			isa = PBXGroup;
			children = (
				0454093F1BE04E68004B9577 /* HawaiiHikersResourceUITests.swift */,
				045409411BE04E68004B9577 /* Info.plist */,
			);
			path = HawaiiHikersResourceUITests;
			sourceTree = "<group>";
		};
/* End PBXGroup section */

/* Begin PBXNativeTarget section */
		045409181BE04E67004B9577 /* HawaiiHikersResource */ = {
			isa = PBXNativeTarget;
			buildConfigurationList = 045409441BE04E68004B9577 /* Build configuration list for PBXNativeTarget "HawaiiHikersResource" */;
			buildPhases = (
				045409151BE04E67004B9577 /* Sources */,
				045409161BE04E67004B9577 /* Frameworks */,
				045409171BE04E67004B9577 /* Resources */,
			);
			buildRules = (
			);
			dependencies = (
			);
			name = HawaiiHikersResource;
			productName = HawaiiHikersResource;
			productReference = 045409191BE04E67004B9577 /* HawaiiHikersResource.app */;
			productType = "com.apple.product-type.application";
		};
		0454092F1BE04E68004B9577 /* HawaiiHikersResourceTests */ = {
			isa = PBXNativeTarget;
			buildConfigurationList = 045409471BE04E68004B9577 /* Build configuration list for PBXNativeTarget "HawaiiHikersResourceTests" */;
			buildPhases = (
				0454092C1BE04E68004B9577 /* Sources */,
				0454092D1BE04E68004B9577 /* Frameworks */,
				0454092E1BE04E68004B9577 /* Resources */,
			);
			buildRules = (
			);
			dependencies = (
				045409321BE04E68004B9577 /* PBXTargetDependency */,
			);
			name = HawaiiHikersResourceTests;
			productName = HawaiiHikersResourceTests;
			productReference = 045409301BE04E68004B9577 /* HawaiiHikersResourceTests.xctest */;
			productType = "com.apple.product-type.bundle.unit-test";
		};
		0454093A1BE04E68004B9577 /* HawaiiHikersResourceUITests */ = {
			isa = PBXNativeTarget;
			buildConfigurationList = 0454094A1BE04E68004B9577 /* Build configuration list for PBXNativeTarget "HawaiiHikersResourceUITests" */;
			buildPhases = (
				045409371BE04E68004B9577 /* Sources */,
				045409381BE04E68004B9577 /* Frameworks */,
				045409391BE04E68004B9577 /* Resources */,
			);
			buildRules = (
			);
			dependencies = (
				0454093D1BE04E68004B9577 /* PBXTargetDependency */,
			);
			name = HawaiiHikersResourceUITests;
			productName = HawaiiHikersResourceUITests;
			productReference = 0454093B1BE04E68004B9577 /* HawaiiHikersResourceUITests.xctest */;
			productType = "com.apple.product-type.bundle.ui-testing";
		};
/* End PBXNativeTarget section */

/* Begin PBXProject section */
		045409111BE04E67004B9577 /* Project object */ = {
			isa = PBXProject;
			attributes = {
				LastSwiftUpdateCheck = 0710;
				LastUpgradeCheck = 0710;
				ORGANIZATIONNAME = "Kenneth Nagata";
				TargetAttributes = {
					045409181BE04E67004B9577 = {
						CreatedOnToolsVersion = 7.1;
						DevelopmentTeam = A99GH4QSGP;
						SystemCapabilities = {
							com.apple.BackgroundModes = {
								enabled = 1;
							};
							com.apple.DataProtection = {
								enabled = 1;
							};
							com.apple.InAppPurchase = {
								enabled = 1;
							};
							com.apple.Maps.iOS = {
								enabled = 1;
							};
							com.apple.OMC = {
								enabled = 1;
							};
							com.apple.Push = {
								enabled = 1;
							};
							com.apple.iCloud = {
								enabled = 1;
							};
						};
					};
					0454092F1BE04E68004B9577 = {
						CreatedOnToolsVersion = 7.1;
						TestTargetID = 045409181BE04E67004B9577;
					};
					0454093A1BE04E68004B9577 = {
						CreatedOnToolsVersion = 7.1;
						TestTargetID = 045409181BE04E67004B9577;
					};
				};
			};
			buildConfigurationList = 045409141BE04E67004B9577 /* Build configuration list for PBXProject "HawaiiHikersResource" */;
			compatibilityVersion = "Xcode 3.2";
			developmentRegion = English;
			hasScannedForEncodings = 0;
			knownRegions = (
				en,
				Base,
			);
			mainGroup = 045409101BE04E67004B9577;
			productRefGroup = 0454091A1BE04E67004B9577 /* Products */;
			projectDirPath = "";
			projectRoot = "";
			targets = (
				045409181BE04E67004B9577 /* HawaiiHikersResource */,
				0454092F1BE04E68004B9577 /* HawaiiHikersResourceTests */,
				0454093A1BE04E68004B9577 /* HawaiiHikersResourceUITests */,
			);
		};
/* End PBXProject section */

/* Begin PBXResourcesBuildPhase section */
		045409171BE04E67004B9577 /* Resources */ = {
			isa = PBXResourcesBuildPhase;
			buildActionMask = 2147483647;
			files = (
				0454092A1BE04E68004B9577 /* LaunchScreen.storyboard in Resources */,
				04FBFC741BE2F9C700923F9F /* ApiKeys.plist in Resources */,
				045409271BE04E68004B9577 /* Assets.xcassets in Resources */,
				045409221BE04E67004B9577 /* Main.storyboard in Resources */,
			);
			runOnlyForDeploymentPostprocessing = 0;
		};
		0454092E1BE04E68004B9577 /* Resources */ = {
			isa = PBXResourcesBuildPhase;
			buildActionMask = 2147483647;
			files = (
			);
			runOnlyForDeploymentPostprocessing = 0;
		};
		045409391BE04E68004B9577 /* Resources */ = {
			isa = PBXResourcesBuildPhase;
			buildActionMask = 2147483647;
			files = (
			);
			runOnlyForDeploymentPostprocessing = 0;
		};
/* End PBXResourcesBuildPhase section */

/* Begin PBXSourcesBuildPhase section */
		045409151BE04E67004B9577 /* Sources */ = {
			isa = PBXSourcesBuildPhase;
			buildActionMask = 2147483647;
			files = (
				04FBFC701BE2F7E800923F9F /* PushNotificationController.swift in Sources */,
				04DFD1BC1C05B75C000AF371 /* WeatherViewController.swift in Sources */,
				045409251BE04E67004B9577 /* HawaiiHikersResource.xcdatamodeld in Sources */,
				0454091F1BE04E67004B9577 /* MapViewController.swift in Sources */,
				0454091D1BE04E67004B9577 /* AppDelegate.swift in Sources */,
				04DFD1B81C05B523000AF371 /* DirectionsViewController.swift in Sources */,
				04FBFC721BE2F99A00923F9F /* ApiKeys.swift in Sources */,
				04DFD1B41C05B4D8000AF371 /* ParkInfoController.swift in Sources */,
				04DFD1B61C05B4FF000AF371 /* TrailInfoController.swift in Sources */,
				04DFD1BA1C05B68D000AF371 /* TrailMapViewController.swift in Sources */,
			);
			runOnlyForDeploymentPostprocessing = 0;
		};
		0454092C1BE04E68004B9577 /* Sources */ = {
			isa = PBXSourcesBuildPhase;
			buildActionMask = 2147483647;
			files = (
				045409351BE04E68004B9577 /* HawaiiHikersResourceTests.swift in Sources */,
			);
			runOnlyForDeploymentPostprocessing = 0;
		};
		045409371BE04E68004B9577 /* Sources */ = {
			isa = PBXSourcesBuildPhase;
			buildActionMask = 2147483647;
			files = (
				045409401BE04E68004B9577 /* HawaiiHikersResourceUITests.swift in Sources */,
			);
			runOnlyForDeploymentPostprocessing = 0;
		};
/* End PBXSourcesBuildPhase section */

/* Begin PBXTargetDependency section */
		045409321BE04E68004B9577 /* PBXTargetDependency */ = {
			isa = PBXTargetDependency;
			target = 045409181BE04E67004B9577 /* HawaiiHikersResource */;
			targetProxy = 045409311BE04E68004B9577 /* PBXContainerItemProxy */;
		};
		0454093D1BE04E68004B9577 /* PBXTargetDependency */ = {
			isa = PBXTargetDependency;
			target = 045409181BE04E67004B9577 /* HawaiiHikersResource */;
			targetProxy = 0454093C1BE04E68004B9577 /* PBXContainerItemProxy */;
		};
/* End PBXTargetDependency section */

/* Begin PBXVariantGroup section */
		045409201BE04E67004B9577 /* Main.storyboard */ = {
			isa = PBXVariantGroup;
			children = (
				045409211BE04E67004B9577 /* Base */,
			);
			name = Main.storyboard;
			sourceTree = "<group>";
		};
		045409281BE04E68004B9577 /* LaunchScreen.storyboard */ = {
			isa = PBXVariantGroup;
			children = (
				045409291BE04E68004B9577 /* Base */,
			);
			name = LaunchScreen.storyboard;
			sourceTree = "<group>";
		};
/* End PBXVariantGroup section */

/* Begin XCBuildConfiguration section */
		045409421BE04E68004B9577 /* Debug */ = {
			isa = XCBuildConfiguration;
			buildSettings = {
				ALWAYS_SEARCH_USER_PATHS = NO;
				CLANG_CXX_LANGUAGE_STANDARD = "gnu++0x";
				CLANG_CXX_LIBRARY = "libc++";
				CLANG_ENABLE_MODULES = YES;
				CLANG_ENABLE_OBJC_ARC = YES;
				CLANG_WARN_BOOL_CONVERSION = YES;
				CLANG_WARN_CONSTANT_CONVERSION = YES;
				CLANG_WARN_DIRECT_OBJC_ISA_USAGE = YES_ERROR;
				CLANG_WARN_EMPTY_BODY = YES;
				CLANG_WARN_ENUM_CONVERSION = YES;
				CLANG_WARN_INT_CONVERSION = YES;
				CLANG_WARN_OBJC_ROOT_CLASS = YES_ERROR;
				CLANG_WARN_UNREACHABLE_CODE = YES;
				CLANG_WARN__DUPLICATE_METHOD_MATCH = YES;
				"CODE_SIGN_IDENTITY[sdk=iphoneos*]" = "iPhone Developer";
				COPY_PHASE_STRIP = NO;
				DEBUG_INFORMATION_FORMAT = dwarf;
				ENABLE_STRICT_OBJC_MSGSEND = YES;
				ENABLE_TESTABILITY = YES;
				GCC_C_LANGUAGE_STANDARD = gnu99;
				GCC_DYNAMIC_NO_PIC = NO;
				GCC_NO_COMMON_BLOCKS = YES;
				GCC_OPTIMIZATION_LEVEL = 0;
				GCC_PREPROCESSOR_DEFINITIONS = (
					"DEBUG=1",
					"$(inherited)",
				);
				GCC_WARN_64_TO_32_BIT_CONVERSION = YES;
				GCC_WARN_ABOUT_RETURN_TYPE = YES_ERROR;
				GCC_WARN_UNDECLARED_SELECTOR = YES;
				GCC_WARN_UNINITIALIZED_AUTOS = YES_AGGRESSIVE;
				GCC_WARN_UNUSED_FUNCTION = YES;
				GCC_WARN_UNUSED_VARIABLE = YES;
				IPHONEOS_DEPLOYMENT_TARGET = 9.1;
				MTL_ENABLE_DEBUG_INFO = YES;
				ONLY_ACTIVE_ARCH = YES;
				SDKROOT = iphoneos;
				SWIFT_OPTIMIZATION_LEVEL = "-Onone";
			};
			name = Debug;
		};
		045409431BE04E68004B9577 /* Release */ = {
			isa = XCBuildConfiguration;
			buildSettings = {
				ALWAYS_SEARCH_USER_PATHS = NO;
				CLANG_CXX_LANGUAGE_STANDARD = "gnu++0x";
				CLANG_CXX_LIBRARY = "libc++";
				CLANG_ENABLE_MODULES = YES;
				CLANG_ENABLE_OBJC_ARC = YES;
				CLANG_WARN_BOOL_CONVERSION = YES;
				CLANG_WARN_CONSTANT_CONVERSION = YES;
				CLANG_WARN_DIRECT_OBJC_ISA_USAGE = YES_ERROR;
				CLANG_WARN_EMPTY_BODY = YES;
				CLANG_WARN_ENUM_CONVERSION = YES;
				CLANG_WARN_INT_CONVERSION = YES;
				CLANG_WARN_OBJC_ROOT_CLASS = YES_ERROR;
				CLANG_WARN_UNREACHABLE_CODE = YES;
				CLANG_WARN__DUPLICATE_METHOD_MATCH = YES;
				"CODE_SIGN_IDENTITY[sdk=iphoneos*]" = "iPhone Developer";
				COPY_PHASE_STRIP = NO;
				DEBUG_INFORMATION_FORMAT = "dwarf-with-dsym";
				ENABLE_NS_ASSERTIONS = NO;
				ENABLE_STRICT_OBJC_MSGSEND = YES;
				GCC_C_LANGUAGE_STANDARD = gnu99;
				GCC_NO_COMMON_BLOCKS = YES;
				GCC_WARN_64_TO_32_BIT_CONVERSION = YES;
				GCC_WARN_ABOUT_RETURN_TYPE = YES_ERROR;
				GCC_WARN_UNDECLARED_SELECTOR = YES;
				GCC_WARN_UNINITIALIZED_AUTOS = YES_AGGRESSIVE;
				GCC_WARN_UNUSED_FUNCTION = YES;
				GCC_WARN_UNUSED_VARIABLE = YES;
				IPHONEOS_DEPLOYMENT_TARGET = 9.1;
				MTL_ENABLE_DEBUG_INFO = NO;
				SDKROOT = iphoneos;
				VALIDATE_PRODUCT = YES;
			};
			name = Release;
		};
		045409451BE04E68004B9577 /* Debug */ = {
			isa = XCBuildConfiguration;
			buildSettings = {
				ASSETCATALOG_COMPILER_APPICON_NAME = AppIcon;
				CODE_SIGN_ENTITLEMENTS = HawaiiHikersResource/HawaiiHikersResource.entitlements;
				CODE_SIGN_IDENTITY = "iPhone Developer";
				"CODE_SIGN_IDENTITY[sdk=iphoneos*]" = "iPhone Developer";
				FRAMEWORK_SEARCH_PATHS = (
					"$(inherited)",
					"$(PROJECT_DIR)/Frameworks",
					"$(PROJECT_DIR)/HawaiiHikersResourceUITests",
				);
				INFOPLIST_FILE = HawaiiHikersResource/Info.plist;
				LD_RUNPATH_SEARCH_PATHS = "$(inherited) @executable_path/Frameworks";
				PRODUCT_BUNDLE_IDENTIFIER = com.nagatak.HawaiiHikersResource;
				PRODUCT_NAME = "$(TARGET_NAME)";
				PROVISIONING_PROFILE = "";
				SWIFT_OBJC_BRIDGING_HEADER = "$(SRCROOT)/$(PROJECT_NAME)/BridgingHeader.h";
			};
			name = Debug;
		};
		045409461BE04E68004B9577 /* Release */ = {
			isa = XCBuildConfiguration;
			buildSettings = {
				ASSETCATALOG_COMPILER_APPICON_NAME = AppIcon;
				CODE_SIGN_ENTITLEMENTS = HawaiiHikersResource/HawaiiHikersResource.entitlements;
				CODE_SIGN_IDENTITY = "iPhone Developer";
				"CODE_SIGN_IDENTITY[sdk=iphoneos*]" = "iPhone Developer";
				FRAMEWORK_SEARCH_PATHS = (
					"$(inherited)",
					"$(PROJECT_DIR)/Frameworks",
					"$(PROJECT_DIR)/HawaiiHikersResourceUITests",
				);
				INFOPLIST_FILE = HawaiiHikersResource/Info.plist;
				LD_RUNPATH_SEARCH_PATHS = "$(inherited) @executable_path/Frameworks";
				PRODUCT_BUNDLE_IDENTIFIER = com.nagatak.HawaiiHikersResource;
				PRODUCT_NAME = "$(TARGET_NAME)";
				PROVISIONING_PROFILE = "";
				SWIFT_OBJC_BRIDGING_HEADER = "$(SRCROOT)/$(PROJECT_NAME)/BridgingHeader.h";
			};
			name = Release;
		};
		045409481BE04E68004B9577 /* Debug */ = {
			isa = XCBuildConfiguration;
			buildSettings = {
				BUNDLE_LOADER = "$(TEST_HOST)";
				INFOPLIST_FILE = HawaiiHikersResourceTests/Info.plist;
				LD_RUNPATH_SEARCH_PATHS = "$(inherited) @executable_path/Frameworks @loader_path/Frameworks";
				PRODUCT_BUNDLE_IDENTIFIER = com.nagatak.HawaiiHikersResourceTests;
				PRODUCT_NAME = "$(TARGET_NAME)";
				TEST_HOST = "$(BUILT_PRODUCTS_DIR)/HawaiiHikersResource.app/HawaiiHikersResource";
			};
			name = Debug;
		};
		045409491BE04E68004B9577 /* Release */ = {
			isa = XCBuildConfiguration;
			buildSettings = {
				BUNDLE_LOADER = "$(TEST_HOST)";
				INFOPLIST_FILE = HawaiiHikersResourceTests/Info.plist;
				LD_RUNPATH_SEARCH_PATHS = "$(inherited) @executable_path/Frameworks @loader_path/Frameworks";
				PRODUCT_BUNDLE_IDENTIFIER = com.nagatak.HawaiiHikersResourceTests;
				PRODUCT_NAME = "$(TARGET_NAME)";
				TEST_HOST = "$(BUILT_PRODUCTS_DIR)/HawaiiHikersResource.app/HawaiiHikersResource";
			};
			name = Release;
		};
		0454094B1BE04E68004B9577 /* Debug */ = {
			isa = XCBuildConfiguration;
			buildSettings = {
				INFOPLIST_FILE = HawaiiHikersResourceUITests/Info.plist;
				LD_RUNPATH_SEARCH_PATHS = "$(inherited) @executable_path/Frameworks @loader_path/Frameworks";
				PRODUCT_BUNDLE_IDENTIFIER = com.nagatak.HawaiiHikersResourceUITests;
				PRODUCT_NAME = "$(TARGET_NAME)";
				TEST_TARGET_NAME = HawaiiHikersResource;
				USES_XCTRUNNER = YES;
			};
			name = Debug;
		};
		0454094C1BE04E68004B9577 /* Release */ = {
			isa = XCBuildConfiguration;
			buildSettings = {
				INFOPLIST_FILE = HawaiiHikersResourceUITests/Info.plist;
				LD_RUNPATH_SEARCH_PATHS = "$(inherited) @executable_path/Frameworks @loader_path/Frameworks";
				PRODUCT_BUNDLE_IDENTIFIER = com.nagatak.HawaiiHikersResourceUITests;
				PRODUCT_NAME = "$(TARGET_NAME)";
				TEST_TARGET_NAME = HawaiiHikersResource;
				USES_XCTRUNNER = YES;
			};
			name = Release;
		};
/* End XCBuildConfiguration section */

/* Begin XCConfigurationList section */
		045409141BE04E67004B9577 /* Build configuration list for PBXProject "HawaiiHikersResource" */ = {
			isa = XCConfigurationList;
			buildConfigurations = (
				045409421BE04E68004B9577 /* Debug */,
				045409431BE04E68004B9577 /* Release */,
			);
			defaultConfigurationIsVisible = 0;
			defaultConfigurationName = Release;
		};
		045409441BE04E68004B9577 /* Build configuration list for PBXNativeTarget "HawaiiHikersResource" */ = {
			isa = XCConfigurationList;
			buildConfigurations = (
				045409451BE04E68004B9577 /* Debug */,
				045409461BE04E68004B9577 /* Release */,
			);
			defaultConfigurationIsVisible = 0;
			defaultConfigurationName = Release;
		};
		045409471BE04E68004B9577 /* Build configuration list for PBXNativeTarget "HawaiiHikersResourceTests" */ = {
			isa = XCConfigurationList;
			buildConfigurations = (
				045409481BE04E68004B9577 /* Debug */,
				045409491BE04E68004B9577 /* Release */,
			);
			defaultConfigurationIsVisible = 0;
			defaultConfigurationName = Release;
		};
		0454094A1BE04E68004B9577 /* Build configuration list for PBXNativeTarget "HawaiiHikersResourceUITests" */ = {
			isa = XCConfigurationList;
			buildConfigurations = (
				0454094B1BE04E68004B9577 /* Debug */,
				0454094C1BE04E68004B9577 /* Release */,
			);
			defaultConfigurationIsVisible = 0;
			defaultConfigurationName = Release;
		};
/* End XCConfigurationList section */

/* Begin XCVersionGroup section */
		045409231BE04E67004B9577 /* HawaiiHikersResource.xcdatamodeld */ = {
			isa = XCVersionGroup;
			children = (
				045409241BE04E67004B9577 /* HawaiiHikersResource.xcdatamodel */,
			);
			currentVersion = 045409241BE04E67004B9577 /* HawaiiHikersResource.xcdatamodel */;
			path = HawaiiHikersResource.xcdatamodeld;
			sourceTree = "<group>";
			versionGroupType = wrapper.xcdatamodel;
		};
/* End XCVersionGroup section */
	};
	rootObject = 045409111BE04E67004B9577 /* Project object */;
}
